
Microsoft Visual Studio Solution File, Format Version 12.00
# Visual Studio Version 17
VisualStudioVersion = 17.10.35013.160
MinimumVisualStudioVersion = 10.0.40219.1
Project("{FAE04EC0-301F-11D3-BF4B-00C04F79EFBC}") = "AbstractClassesandMethods.cs", "AbstractClassesandMethods.cs.csproj", "{7ACB1D72-FAB5-4345-92A8-1B69A943269F}"
EndProject
Global
	GlobalSection(SolutionConfigurationPlatforms) = preSolution
		Debug|Any CPU = Debug|Any CPU
		Release|Any CPU = Release|Any CPU
	EndGlobalSection
	GlobalSection(ProjectConfigurationPlatforms) = postSolution
		{7ACB1D72-FAB5-4345-92A8-1B69A943269F}.Debug|Any CPU.ActiveCfg = Debug|Any CPU
		{7ACB1D72-FAB5-4345-92A8-1B69A943269F}.Debug|Any CPU.Build.0 = Debug|Any CPU
		{7ACB1D72-FAB5-4345-92A8-1B69A943269F}.Release|Any CPU.ActiveCfg = Release|Any CPU
		{7ACB1D72-FAB5-4345-92A8-1B69A943269F}.Release|Any CPU.Build.0 = Release|Any CPU
	EndGlobalSection
	GlobalSection(SolutionProperties) = preSolution
		HideSolutionNode = FALSE
	EndGlobalSection
	GlobalSection(ExtensibilityGlobals) = postSolution
		SolutionGuid = {3C5AD398-D504-42C1-B48B-C0EE05B6394A}
	EndGlobalSection
EndGlobal
